schema: '2.0'
stages:
  data_loader:
    cmd: python -m src.main --stage data_loader
    deps:
    - path: data/clean/steel_energy_cleaned_V2.csv
      hash: md5
      md5: f9b2bf1156175d4d8c8c8d645c21cdfd
      size: 5703433
    - path: src/data/data_loader.py
      hash: md5
      md5: 1ec79ff2337369664421da04b88a8f8a
      size: 3143
    outs:
    - path: data/processed/steel_energy_processed.csv
      hash: md5
      md5: 9218542ac6a01da797a4ae934e103fe8
      size: 2551398
  feature_engineering:
    cmd: python -m src.main --stage feature_engineering
    deps:
    - path: data/processed/steel_energy_processed.csv
      hash: md5
      md5: 9218542ac6a01da797a4ae934e103fe8
      size: 2551398
    - path: src/data/feature_engineer.py
      hash: md5
      md5: 7c5ced138a8e9382cfb2a61939139174
      size: 10575
    outs:
    - path: data/interim/features.csv
      hash: md5
      md5: 59e7937ef99320a36d6301bb610ade34
      size: 1664034
  train_xgboost:
    cmd: python -m src.main --stage train_xgboost
    deps:
    - path: data/interim/features.csv
      hash: md5
      md5: 44e687e98efdda7ac61c667cfca15253
      size: 1676057
    - path: src/models/xgboost_model/model_trainer.py
      hash: md5
      md5: 7b8deb59320886da1a0398eb2a80a4e8
      size: 2768
    params:
      params.yaml:
        train.colsample_bytree: 0.8
        train.cv_folds: 5
        train.eval_metric: rmse
        train.learning_rate: 0.1
        train.max_depth: 6
        train.n_estimators: 200
        train.random_state: 42
        train.subsample: 0.8
    outs:
    - path: models/xgboost_model/artifacts/model.json
      hash: md5
      md5: c4aa85a144a9fad410ccf2b4e7ab41d6
      size: 1210109
  train:
    cmd: python -m src.main --stage train
    deps:
    - path: data/interim/features.csv
      hash: md5
      md5: 44e687e98efdda7ac61c667cfca15253
      size: 1676057
    - path: src/models/linear_regression_model/model_trainer.py
      hash: md5
      md5: 02b319ec54dd4cf0103c2d694f8723ae
      size: 3541
    - path: src/models/random_forest_model/model_trainer.py
      hash: md5
      md5: 6f1bab95b3410fe460b36f9dfc6afb34
      size: 3536
    - path: src/models/xgboost_model/model_trainer.py
      hash: md5
      md5: 581bc698e222b40e05b6bd9bf5bd1e36
      size: 3803
    params:
      params.yaml:
        train.cv_folds: 5
        train.linear_regression:
          fit_intercept: true
          n_jobs:
        train.model_type: xgboost
        train.random_forest:
          n_estimators: 300
          max_depth:
          min_samples_split: 2
          min_samples_leaf: 1
          max_features:
          random_state: 42
          n_jobs: -1
        train.xgboost:
          n_estimators: 200
          learning_rate: 0.1
          max_depth: 6
          subsample: 0.8
          colsample_bytree: 0.8
          eval_metric: rmse
          random_state: 42
          n_jobs: -1
    outs:
    - path: models/xgboost/artifacts
      hash: md5
      md5: 865033dbb0c098a8d2d115c7d2ff98e5.dir
      size: 852614
      nfiles: 1
  train_suite:
    cmd: python -m src.pipelines.experiment_pipelines --params params.yaml
    deps:
    - path: data/interim/features.csv
      hash: md5
      md5: 59e7937ef99320a36d6301bb610ade34
      size: 1664034
    - path: params.yaml
      hash: md5
      md5: aafdb8aac7d72923172ee05acc894651
      size: 1017
    - path: src/pipelines/data_setup.py
      hash: md5
      md5: 7a39bfdda143a400d1a40b2f0ae446a7
      size: 4352
    - path: src/pipelines/experiment_pipelines.py
      hash: md5
      md5: 24a5199d7f7bbd7054b2b6b2228de4f6
      size: 10812
    - path: src/utils/env.py
      hash: md5
      md5: 3179cc82a2bed08aea2eb042dccb7479
      size: 920
    params:
      params.yaml:
        mlflow.model_name: steel-energy/suite
        mlflow.register_model: false
        train.cv_folds: 5
        train.linear_regression:
          fit_intercept: true
          n_jobs:
        train.model_type: xgboost
        train.model_types:
        - random_forest
        - linear_regression
        - xgboost
        train.random_forest:
          max_depth:
          max_features:
          min_samples_leaf: 1
          min_samples_split: 2
          n_estimators: 300
          n_jobs: -1
          random_state: 42
        train.xgboost:
          colsample_bytree: 0.8
          eval_metric: rmse
          learning_rate: 0.1
          max_depth: 6
          n_estimators: 200
          n_jobs: -1
          random_state: 42
          subsample: 0.8
    outs:
    - path: reports/metrics_linear.json
      hash: md5
      md5: ebc0b169069d8bd6c3045b8adf5c6707
      size: 129
    - path: reports/metrics_rf.json
      hash: md5
      md5: 2751b30a1d9739678f91c52b0297b2a7
      size: 130
    - path: reports/metrics_xgb.json
      hash: md5
      md5: 29e0dde768e992616b0f410e96244ca5
      size: 130
