schema: '2.0'
stages:
  data_loader:
    cmd: python -m src.main --stage data_loader
    deps:
    - path: data/clean/steel_energy_cleaned_V2.csv
      hash: md5
      md5: 3c90e04e716f464f74335febcb79a6b9
      size: 5738756
    - path: src/data/data_loader.py
      hash: md5
      md5: 53c324096d96894a2459eb7dcf250cc2
      size: 3240
    outs:
    - path: data/processed/steel_energy_processed.csv
      hash: md5
      md5: 20d922c8c5d37fbae386e4943dff8af6
      size: 2563941
  feature_engineering:
    cmd: python -m src.main --stage feature_engineering
    deps:
    - path: data/processed/steel_energy_processed.csv
      hash: md5
      md5: 20d922c8c5d37fbae386e4943dff8af6
      size: 2563941
    - path: src/data/feature_engineer.py
      hash: md5
      md5: 728cebd06b81eed01e0cc5ca82261700
      size: 2592
    outs:
    - path: data/interim/features.csv
      hash: md5
      md5: 44e687e98efdda7ac61c667cfca15253
      size: 1676057
  train_xgboost:
    cmd: python -m src.main --stage train_xgboost
    deps:
    - path: data/interim/features.csv
      hash: md5
      md5: 44e687e98efdda7ac61c667cfca15253
      size: 1676057
    - path: src/models/xgboost_model/model_trainer.py
      hash: md5
      md5: 7b8deb59320886da1a0398eb2a80a4e8
      size: 2768
    params:
      params.yaml:
        train.colsample_bytree: 0.8
        train.cv_folds: 5
        train.eval_metric: rmse
        train.learning_rate: 0.1
        train.max_depth: 6
        train.n_estimators: 200
        train.random_state: 42
        train.subsample: 0.8
    outs:
    - path: models/xgboost_model/artifacts/model.json
      hash: md5
      md5: c4aa85a144a9fad410ccf2b4e7ab41d6
      size: 1210109
  train:
    cmd: python -m src.main --stage train
    deps:
    - path: data/interim/features.csv
      hash: md5
      md5: 44e687e98efdda7ac61c667cfca15253
      size: 1676057
    - path: src/models/linear_regression_model/model_trainer.py
      hash: md5
      md5: 02b319ec54dd4cf0103c2d694f8723ae
      size: 3541
    - path: src/models/random_forest_model/model_trainer.py
      hash: md5
      md5: 6f1bab95b3410fe460b36f9dfc6afb34
      size: 3536
    - path: src/models/xgboost_model/model_trainer.py
      hash: md5
      md5: 581bc698e222b40e05b6bd9bf5bd1e36
      size: 3803
    params:
      params.yaml:
        train.cv_folds: 5
        train.linear_regression:
          fit_intercept: true
          n_jobs:
        train.model_type: xgboost
        train.random_forest:
          n_estimators: 300
          max_depth:
          min_samples_split: 2
          min_samples_leaf: 1
          max_features:
          random_state: 42
          n_jobs: -1
        train.xgboost:
          n_estimators: 200
          learning_rate: 0.1
          max_depth: 6
          subsample: 0.8
          colsample_bytree: 0.8
          eval_metric: rmse
          random_state: 42
          n_jobs: -1
    outs:
    - path: models/xgboost/artifacts
      hash: md5
      md5: 865033dbb0c098a8d2d115c7d2ff98e5.dir
      size: 852614
      nfiles: 1
